
Microsoft Visual Studio Solution File, Format Version 12.00
# Visual Studio Version 17
VisualStudioVersion = 17.8.34330.188
MinimumVisualStudioVersion = 10.0.40219.1
Project("{2150E333-8FDC-42A3-9474-1A3956D46DE8}") = "2. Business Layer", "2. Business Layer", "{FE34072E-2D8B-4CE5-ADAD-592E9DE7CA09}"
EndProject
Project("{FAE04EC0-301F-11D3-BF4B-00C04F79EFBC}") = "BusinessObject", "BusinessObject\BusinessObject.csproj", "{6E09A343-9E54-4A25-A3D8-5F3F6D213DAC}"
EndProject
Project("{2150E333-8FDC-42A3-9474-1A3956D46DE8}") = "3. Data Layer", "3. Data Layer", "{19B949C9-4333-43F3-9BA0-8C65CD1F2EE0}"
EndProject
Project("{2150E333-8FDC-42A3-9474-1A3956D46DE8}") = "1. Presentation Layer", "1. Presentation Layer", "{8C0CFDB2-68BB-4F31-AB7D-55063E1D68A6}"
EndProject
Project("{FAE04EC0-301F-11D3-BF4B-00C04F79EFBC}") = "DataAccess", "DataAccess\DataAccess.csproj", "{4D73384E-F98D-43A0-9DD0-1E46F8FD5354}"
EndProject
Project("{FAE04EC0-301F-11D3-BF4B-00C04F79EFBC}") = "MyStoreWinApp", "MyStoreWinApp\MyStoreWinApp.csproj", "{D69C5F43-2818-4F61-AA2E-789D3BE6387E}"
EndProject
Global
	GlobalSection(SolutionConfigurationPlatforms) = preSolution
		Debug|Any CPU = Debug|Any CPU
		Release|Any CPU = Release|Any CPU
	EndGlobalSection
	GlobalSection(ProjectConfigurationPlatforms) = postSolution
		{6E09A343-9E54-4A25-A3D8-5F3F6D213DAC}.Debug|Any CPU.ActiveCfg = Debug|Any CPU
		{6E09A343-9E54-4A25-A3D8-5F3F6D213DAC}.Debug|Any CPU.Build.0 = Debug|Any CPU
		{6E09A343-9E54-4A25-A3D8-5F3F6D213DAC}.Release|Any CPU.ActiveCfg = Release|Any CPU
		{6E09A343-9E54-4A25-A3D8-5F3F6D213DAC}.Release|Any CPU.Build.0 = Release|Any CPU
		{4D73384E-F98D-43A0-9DD0-1E46F8FD5354}.Debug|Any CPU.ActiveCfg = Debug|Any CPU
		{4D73384E-F98D-43A0-9DD0-1E46F8FD5354}.Debug|Any CPU.Build.0 = Debug|Any CPU
		{4D73384E-F98D-43A0-9DD0-1E46F8FD5354}.Release|Any CPU.ActiveCfg = Release|Any CPU
		{4D73384E-F98D-43A0-9DD0-1E46F8FD5354}.Release|Any CPU.Build.0 = Release|Any CPU
		{D69C5F43-2818-4F61-AA2E-789D3BE6387E}.Debug|Any CPU.ActiveCfg = Debug|Any CPU
		{D69C5F43-2818-4F61-AA2E-789D3BE6387E}.Debug|Any CPU.Build.0 = Debug|Any CPU
		{D69C5F43-2818-4F61-AA2E-789D3BE6387E}.Release|Any CPU.ActiveCfg = Release|Any CPU
		{D69C5F43-2818-4F61-AA2E-789D3BE6387E}.Release|Any CPU.Build.0 = Release|Any CPU
	EndGlobalSection
	GlobalSection(SolutionProperties) = preSolution
		HideSolutionNode = FALSE
	EndGlobalSection
	GlobalSection(NestedProjects) = preSolution
		{6E09A343-9E54-4A25-A3D8-5F3F6D213DAC} = {FE34072E-2D8B-4CE5-ADAD-592E9DE7CA09}
		{4D73384E-F98D-43A0-9DD0-1E46F8FD5354} = {19B949C9-4333-43F3-9BA0-8C65CD1F2EE0}
		{D69C5F43-2818-4F61-AA2E-789D3BE6387E} = {8C0CFDB2-68BB-4F31-AB7D-55063E1D68A6}
	EndGlobalSection
	GlobalSection(ExtensibilityGlobals) = postSolution
		SolutionGuid = {A8A33D8A-E3F8-4FB0-BC52-73B499A6BF62}
	EndGlobalSection
EndGlobal
